
Microsoft Visual Studio Solution File, Format Version 12.00
# Visual Studio 15
VisualStudioVersion = 15.0.25914.0
MinimumVisualStudioVersion = 10.0.40219.1
Project("{2150E333-8FDC-42A3-9474-1A3956D46DE8}") = "src", "src", "{C69A40EB-C82B-4718-B284-0364F2F27491}"
EndProject
Project("{FAE04EC0-301F-11D3-BF4B-00C04F79EFBC}") = "WeatherSite", "src\WeatherSite\WeatherSite.csproj", "{878F55B6-6BDD-4C99-BE5A-FEA97019C268}"
EndProject
Global
	GlobalSection(SolutionConfigurationPlatforms) = preSolution
		Debug|Any CPU = Debug|Any CPU
		Release|Any CPU = Release|Any CPU
	EndGlobalSection
	GlobalSection(ProjectConfigurationPlatforms) = postSolution
		{878F55B6-6BDD-4C99-BE5A-FEA97019C268}.Debug|Any CPU.ActiveCfg = Debug|Any CPU
		{878F55B6-6BDD-4C99-BE5A-FEA97019C268}.Debug|Any CPU.Build.0 = Debug|Any CPU
		{878F55B6-6BDD-4C99-BE5A-FEA97019C268}.Release|Any CPU.ActiveCfg = Release|Any CPU
		{878F55B6-6BDD-4C99-BE5A-FEA97019C268}.Release|Any CPU.Build.0 = Release|Any CPU
	EndGlobalSection
	GlobalSection(SolutionProperties) = preSolution
		HideSolutionNode = FALSE
	EndGlobalSection
	GlobalSection(NestedProjects) = preSolution
		{878F55B6-6BDD-4C99-BE5A-FEA97019C268} = {C69A40EB-C82B-4718-B284-0364F2F27491}
	EndGlobalSection
EndGlobal
